
Microsoft Visual Studio Solution File, Format Version 12.00
# Visual Studio 15
VisualStudioVersion = 15.0.28307.757
MinimumVisualStudioVersion = 10.0.40219.1
Project("{FAE04EC0-301F-11D3-BF4B-00C04F79EFBC}") = "Dirty_money_ASP.NET_MVC", "Dirty_money_ASP.NET_MVC\Dirty_money_ASP.NET_MVC.csproj", "{0B7A6EBC-21CF-4A20-BBC9-EB5871C278D2}"
EndProject
Global
	GlobalSection(SolutionConfigurationPlatforms) = preSolution
		Debug|Any CPU = Debug|Any CPU
		Release|Any CPU = Release|Any CPU
	EndGlobalSection
	GlobalSection(ProjectConfigurationPlatforms) = postSolution
		{0B7A6EBC-21CF-4A20-BBC9-EB5871C278D2}.Debug|Any CPU.ActiveCfg = Debug|Any CPU
		{0B7A6EBC-21CF-4A20-BBC9-EB5871C278D2}.Debug|Any CPU.Build.0 = Debug|Any CPU
		{0B7A6EBC-21CF-4A20-BBC9-EB5871C278D2}.Release|Any CPU.ActiveCfg = Release|Any CPU
		{0B7A6EBC-21CF-4A20-BBC9-EB5871C278D2}.Release|Any CPU.Build.0 = Release|Any CPU
	EndGlobalSection
	GlobalSection(SolutionProperties) = preSolution
		HideSolutionNode = FALSE
	EndGlobalSection
	GlobalSection(ExtensibilityGlobals) = postSolution
		SolutionGuid = {141648F2-7A51-4AD6-8B0E-4C1EB0E81B37}
	EndGlobalSection
EndGlobal
